
Microsoft Visual Studio Solution File, Format Version 12.00
# Visual Studio Version 17
VisualStudioVersion = 17.8.34309.116
MinimumVisualStudioVersion = 10.0.40219.1
Project("{2150E333-8FDC-42A3-9474-1A3956D46DE8}") = "src", "src", "{176BC10F-1BCC-464E-98E5-AAD7A8D0CBD3}"
EndProject
Project("{2150E333-8FDC-42A3-9474-1A3956D46DE8}") = "Service1", "Service1", "{7E6E3847-0545-489D-BE87-E9D32508611B}"
EndProject
Project("{2150E333-8FDC-42A3-9474-1A3956D46DE8}") = "Service2", "Service2", "{55EF45FE-097E-4904-9CE9-A478BD1CE8CC}"
EndProject
Project("{2150E333-8FDC-42A3-9474-1A3956D46DE8}") = "Service3", "Service3", "{DEBFDF84-D865-47FF-B7C5-F91CCE4CCE3A}"
EndProject
Project("{2150E333-8FDC-42A3-9474-1A3956D46DE8}") = "Service4", "Service4", "{0C14C770-9C49-47F6-A706-FBA52FAB6C2A}"
EndProject
Project("{2150E333-8FDC-42A3-9474-1A3956D46DE8}") = "Getaway", "Getaway", "{95CC2E5A-5FFB-4FB0-9386-C14BCF1A84B9}"
EndProject
Project("{FAE04EC0-301F-11D3-BF4B-00C04F79EFBC}") = "FirstWork.API", "FirstWork.API\FirstWork.API.csproj", "{E6C3B3EB-0CF3-4E40-A824-02D87552BDF8}"
EndProject
Project("{FAE04EC0-301F-11D3-BF4B-00C04F79EFBC}") = "SecondWork.API", "SecondWork.API\SecondWork.API.csproj", "{4F67139A-01FF-4A22-AAA6-866F311B6A18}"
EndProject
Project("{FAE04EC0-301F-11D3-BF4B-00C04F79EFBC}") = "ThirdWork.API", "ThirdWork.API\ThirdWork.API.csproj", "{81FB681D-19BE-4516-BB97-1953790D7B09}"
EndProject
Project("{FAE04EC0-301F-11D3-BF4B-00C04F79EFBC}") = "FourthWork.API", "FourthWork.API\FourthWork.API.csproj", "{60D45E09-4289-4CB6-ACFB-6D54E408BB48}"
EndProject
Project("{FAE04EC0-301F-11D3-BF4B-00C04F79EFBC}") = "byyGateWay.API", "byyGateWay.API\byyGateWay.API.csproj", "{6CF1FF77-74D1-434D-A348-ED7166A54554}"
EndProject
Global
	GlobalSection(SolutionConfigurationPlatforms) = preSolution
		Debug|Any CPU = Debug|Any CPU
		Release|Any CPU = Release|Any CPU
	EndGlobalSection
	GlobalSection(ProjectConfigurationPlatforms) = postSolution
		{E6C3B3EB-0CF3-4E40-A824-02D87552BDF8}.Debug|Any CPU.ActiveCfg = Debug|Any CPU
		{E6C3B3EB-0CF3-4E40-A824-02D87552BDF8}.Debug|Any CPU.Build.0 = Debug|Any CPU
		{E6C3B3EB-0CF3-4E40-A824-02D87552BDF8}.Release|Any CPU.ActiveCfg = Release|Any CPU
		{E6C3B3EB-0CF3-4E40-A824-02D87552BDF8}.Release|Any CPU.Build.0 = Release|Any CPU
		{4F67139A-01FF-4A22-AAA6-866F311B6A18}.Debug|Any CPU.ActiveCfg = Debug|Any CPU
		{4F67139A-01FF-4A22-AAA6-866F311B6A18}.Debug|Any CPU.Build.0 = Debug|Any CPU
		{4F67139A-01FF-4A22-AAA6-866F311B6A18}.Release|Any CPU.ActiveCfg = Release|Any CPU
		{4F67139A-01FF-4A22-AAA6-866F311B6A18}.Release|Any CPU.Build.0 = Release|Any CPU
		{81FB681D-19BE-4516-BB97-1953790D7B09}.Debug|Any CPU.ActiveCfg = Debug|Any CPU
		{81FB681D-19BE-4516-BB97-1953790D7B09}.Debug|Any CPU.Build.0 = Debug|Any CPU
		{81FB681D-19BE-4516-BB97-1953790D7B09}.Release|Any CPU.ActiveCfg = Release|Any CPU
		{81FB681D-19BE-4516-BB97-1953790D7B09}.Release|Any CPU.Build.0 = Release|Any CPU
		{60D45E09-4289-4CB6-ACFB-6D54E408BB48}.Debug|Any CPU.ActiveCfg = Debug|Any CPU
		{60D45E09-4289-4CB6-ACFB-6D54E408BB48}.Debug|Any CPU.Build.0 = Debug|Any CPU
		{60D45E09-4289-4CB6-ACFB-6D54E408BB48}.Release|Any CPU.ActiveCfg = Release|Any CPU
		{60D45E09-4289-4CB6-ACFB-6D54E408BB48}.Release|Any CPU.Build.0 = Release|Any CPU
		{6CF1FF77-74D1-434D-A348-ED7166A54554}.Debug|Any CPU.ActiveCfg = Debug|Any CPU
		{6CF1FF77-74D1-434D-A348-ED7166A54554}.Debug|Any CPU.Build.0 = Debug|Any CPU
		{6CF1FF77-74D1-434D-A348-ED7166A54554}.Release|Any CPU.ActiveCfg = Release|Any CPU
		{6CF1FF77-74D1-434D-A348-ED7166A54554}.Release|Any CPU.Build.0 = Release|Any CPU
	EndGlobalSection
	GlobalSection(SolutionProperties) = preSolution
		HideSolutionNode = FALSE
	EndGlobalSection
	GlobalSection(NestedProjects) = preSolution
		{7E6E3847-0545-489D-BE87-E9D32508611B} = {176BC10F-1BCC-464E-98E5-AAD7A8D0CBD3}
		{55EF45FE-097E-4904-9CE9-A478BD1CE8CC} = {176BC10F-1BCC-464E-98E5-AAD7A8D0CBD3}
		{DEBFDF84-D865-47FF-B7C5-F91CCE4CCE3A} = {176BC10F-1BCC-464E-98E5-AAD7A8D0CBD3}
		{0C14C770-9C49-47F6-A706-FBA52FAB6C2A} = {176BC10F-1BCC-464E-98E5-AAD7A8D0CBD3}
		{95CC2E5A-5FFB-4FB0-9386-C14BCF1A84B9} = {176BC10F-1BCC-464E-98E5-AAD7A8D0CBD3}
		{E6C3B3EB-0CF3-4E40-A824-02D87552BDF8} = {7E6E3847-0545-489D-BE87-E9D32508611B}
		{4F67139A-01FF-4A22-AAA6-866F311B6A18} = {55EF45FE-097E-4904-9CE9-A478BD1CE8CC}
		{81FB681D-19BE-4516-BB97-1953790D7B09} = {DEBFDF84-D865-47FF-B7C5-F91CCE4CCE3A}
		{60D45E09-4289-4CB6-ACFB-6D54E408BB48} = {0C14C770-9C49-47F6-A706-FBA52FAB6C2A}
		{6CF1FF77-74D1-434D-A348-ED7166A54554} = {95CC2E5A-5FFB-4FB0-9386-C14BCF1A84B9}
	EndGlobalSection
	GlobalSection(ExtensibilityGlobals) = postSolution
		SolutionGuid = {8BA6107E-D4C1-40AC-AA2D-43C71EDD0770}
	EndGlobalSection
EndGlobal
